// !$*UTF8*$!
{
	archiveVersion = 1;
	classes = {
	};
	objectVersion = 56;
	objects = {

/* Begin PBXBuildFile section */
		561116D22EC572E300A27E46 /* lab_code_readerApp.swift in Sources */ = {isa = PBXBuildFile; fileRef = 561116D12EC572E300A27E46 /* lab_code_readerApp.swift */; };
		561116D42EC572E300A27E46 /* ContentView.swift in Sources */ = {isa = PBXBuildFile; fileRef = 561116D32EC572E300A27E46 /* ContentView.swift */; };
		561116D62EC572E500A27E46 /* Assets.xcassets in Resources */ = {isa = PBXBuildFile; fileRef = 561116D52EC572E500A27E46 /* Assets.xcassets */; };
		561116DA2EC572E500A27E46 /* Preview Assets.xcassets in Resources */ = {isa = PBXBuildFile; fileRef = 561116D92EC572E500A27E46 /* Preview Assets.xcassets */; };
		561116E42EC572E500A27E46 /* lab_code_readerTests.swift in Sources */ = {isa = PBXBuildFile; fileRef = 561116E32EC572E500A27E46 /* lab_code_readerTests.swift */; };
		561116EE2EC572E500A27E46 /* lab_code_readerUITests.swift in Sources */ = {isa = PBXBuildFile; fileRef = 561116ED2EC572E500A27E46 /* lab_code_readerUITests.swift */; };
		561116F02EC572E500A27E46 /* lab_code_readerUITestsLaunchTests.swift in Sources */ = {isa = PBXBuildFile; fileRef = 561116EF2EC572E500A27E46 /* lab_code_readerUITestsLaunchTests.swift */; };
/* End PBXBuildFile section */

/* Begin PBXContainerItemProxy section */
		561116E02EC572E500A27E46 /* PBXContainerItemProxy */ = {
			isa = PBXContainerItemProxy;
			containerPortal = 561116C62EC572E300A27E46 /* Project object */;
			proxyType = 1;
			remoteGlobalIDString = 561116CD2EC572E300A27E46;
			remoteInfo = "lab-code-reader";
		};
		561116EA2EC572E500A27E46 /* PBXContainerItemProxy */ = {
			isa = PBXContainerItemProxy;
			containerPortal = 561116C62EC572E300A27E46 /* Project object */;
			proxyType = 1;
			remoteGlobalIDString = 561116CD2EC572E300A27E46;
			remoteInfo = "lab-code-reader";
		};
/* End PBXContainerItemProxy section */

/* Begin PBXFileReference section */
		561116CE2EC572E300A27E46 /* lab-code-reader.app */ = {isa = PBXFileReference; explicitFileType = wrapper.application; includeInIndex = 0; path = "lab-code-reader.app"; sourceTree = BUILT_PRODUCTS_DIR; };
		561116D12EC572E300A27E46 /* lab_code_readerApp.swift */ = {isa = PBXFileReference; lastKnownFileType = sourcecode.swift; path = lab_code_readerApp.swift; sourceTree = "<group>"; };
		561116D32EC572E300A27E46 /* ContentView.swift */ = {isa = PBXFileReference; lastKnownFileType = sourcecode.swift; path = ContentView.swift; sourceTree = "<group>"; };
		561116D52EC572E500A27E46 /* Assets.xcassets */ = {isa = PBXFileReference; lastKnownFileType = folder.assetcatalog; path = Assets.xcassets; sourceTree = "<group>"; };
		561116D72EC572E500A27E46 /* lab_code_reader.entitlements */ = {isa = PBXFileReference; lastKnownFileType = text.plist.entitlements; path = lab_code_reader.entitlements; sourceTree = "<group>"; };
		561116D92EC572E500A27E46 /* Preview Assets.xcassets */ = {isa = PBXFileReference; lastKnownFileType = folder.assetcatalog; path = "Preview Assets.xcassets"; sourceTree = "<group>"; };
		561116DF2EC572E500A27E46 /* lab-code-readerTests.xctest */ = {isa = PBXFileReference; explicitFileType = wrapper.cfbundle; includeInIndex = 0; path = "lab-code-readerTests.xctest"; sourceTree = BUILT_PRODUCTS_DIR; };
		561116E32EC572E500A27E46 /* lab_code_readerTests.swift */ = {isa = PBXFileReference; lastKnownFileType = sourcecode.swift; path = lab_code_readerTests.swift; sourceTree = "<group>"; };
		561116E92EC572E500A27E46 /* lab-code-readerUITests.xctest */ = {isa = PBXFileReference; explicitFileType = wrapper.cfbundle; includeInIndex = 0; path = "lab-code-readerUITests.xctest"; sourceTree = BUILT_PRODUCTS_DIR; };
		561116ED2EC572E500A27E46 /* lab_code_readerUITests.swift */ = {isa = PBXFileReference; lastKnownFileType = sourcecode.swift; path = lab_code_readerUITests.swift; sourceTree = "<group>"; };
		561116EF2EC572E500A27E46 /* lab_code_readerUITestsLaunchTests.swift */ = {isa = PBXFileReference; lastKnownFileType = sourcecode.swift; path = lab_code_readerUITestsLaunchTests.swift; sourceTree = "<group>"; };
/* End PBXFileReference section */

/* Begin PBXFrameworksBuildPhase section */
		561116CB2EC572E300A27E46 /* Frameworks */ = {
			isa = PBXFrameworksBuildPhase;
			buildActionMask = 2147483647;
			files = (
			);
			runOnlyForDeploymentPostprocessing = 0;
		};
		561116DC2EC572E500A27E46 /* Frameworks */ = {
			isa = PBXFrameworksBuildPhase;
			buildActionMask = 2147483647;
			files = (
			);
			runOnlyForDeploymentPostprocessing = 0;
		};
		561116E62EC572E500A27E46 /* Frameworks */ = {
			isa = PBXFrameworksBuildPhase;
			buildActionMask = 2147483647;
			files = (
			);
			runOnlyForDeploymentPostprocessing = 0;
		};
/* End PBXFrameworksBuildPhase section */

/* Begin PBXGroup section */
		561116C52EC572E300A27E46 = {
			isa = PBXGroup;
			children = (
				561116D02EC572E300A27E46 /* lab-code-reader */,
				561116E22EC572E500A27E46 /* lab-code-readerTests */,
				561116EC2EC572E500A27E46 /* lab-code-readerUITests */,
				561116CF2EC572E300A27E46 /* Products */,
			);
			sourceTree = "<group>";
		};
		561116CF2EC572E300A27E46 /* Products */ = {
			isa = PBXGroup;
			children = (
				561116CE2EC572E300A27E46 /* lab-code-reader.app */,
				561116DF2EC572E500A27E46 /* lab-code-readerTests.xctest */,
				561116E92EC572E500A27E46 /* lab-code-readerUITests.xctest */,
			);
			name = Products;
			sourceTree = "<group>";
		};
		561116D02EC572E300A27E46 /* lab-code-reader */ = {
			isa = PBXGroup;
			children = (
				561116D12EC572E300A27E46 /* lab_code_readerApp.swift */,
				561116D32EC572E300A27E46 /* ContentView.swift */,
				561116D52EC572E500A27E46 /* Assets.xcassets */,
				561116D72EC572E500A27E46 /* lab_code_reader.entitlements */,
				561116D82EC572E500A27E46 /* Preview Content */,
			);
			path = "lab-code-reader";
			sourceTree = "<group>";
		};
		561116D82EC572E500A27E46 /* Preview Content */ = {
			isa = PBXGroup;
			children = (
				561116D92EC572E500A27E46 /* Preview Assets.xcassets */,
			);
			path = "Preview Content";
			sourceTree = "<group>";
		};
		561116E22EC572E500A27E46 /* lab-code-readerTests */ = {
			isa = PBXGroup;
			children = (
				561116E32EC572E500A27E46 /* lab_code_readerTests.swift */,
			);
			path = "lab-code-readerTests";
			sourceTree = "<group>";
		};
		561116EC2EC572E500A27E46 /* lab-code-readerUITests */ = {
			isa = PBXGroup;
			children = (
				561116ED2EC572E500A27E46 /* lab_code_readerUITests.swift */,
				561116EF2EC572E500A27E46 /* lab_code_readerUITestsLaunchTests.swift */,
			);
			path = "lab-code-readerUITests";
			sourceTree = "<group>";
		};
/* End PBXGroup section */

/* Begin PBXNativeTarget section */
		561116CD2EC572E300A27E46 /* lab-code-reader */ = {
			isa = PBXNativeTarget;
			buildConfigurationList = 561116F32EC572E500A27E46 /* Build configuration list for PBXNativeTarget "lab-code-reader" */;
			buildPhases = (
				561116CA2EC572E300A27E46 /* Sources */,
				561116CB2EC572E300A27E46 /* Frameworks */,
				561116CC2EC572E300A27E46 /* Resources */,
			);
			buildRules = (
			);
			dependencies = (
			);
			name = "lab-code-reader";
			productName = "lab-code-reader";
			productReference = 561116CE2EC572E300A27E46 /* lab-code-reader.app */;
			productType = "com.apple.product-type.application";
		};
		561116DE2EC572E500A27E46 /* lab-code-readerTests */ = {
			isa = PBXNativeTarget;
			buildConfigurationList = 561116F62EC572E500A27E46 /* Build configuration list for PBXNativeTarget "lab-code-readerTests" */;
			buildPhases = (
				561116DB2EC572E500A27E46 /* Sources */,
				561116DC2EC572E500A27E46 /* Frameworks */,
				561116DD2EC572E500A27E46 /* Resources */,
			);
			buildRules = (
			);
			dependencies = (
				561116E12EC572E500A27E46 /* PBXTargetDependency */,
			);
			name = "lab-code-readerTests";
			productName = "lab-code-readerTests";
			productReference = 561116DF2EC572E500A27E46 /* lab-code-readerTests.xctest */;
			productType = "com.apple.product-type.bundle.unit-test";
		};
		561116E82EC572E500A27E46 /* lab-code-readerUITests */ = {
			isa = PBXNativeTarget;
			buildConfigurationList = 561116F92EC572E500A27E46 /* Build configuration list for PBXNativeTarget "lab-code-readerUITests" */;
			buildPhases = (
				561116E52EC572E500A27E46 /* Sources */,
				561116E62EC572E500A27E46 /* Frameworks */,
				561116E72EC572E500A27E46 /* Resources */,
			);
			buildRules = (
			);
			dependencies = (
				561116EB2EC572E500A27E46 /* PBXTargetDependency */,
			);
			name = "lab-code-readerUITests";
			productName = "lab-code-readerUITests";
			productReference = 561116E92EC572E500A27E46 /* lab-code-readerUITests.xctest */;
			productType = "com.apple.product-type.bundle.ui-testing";
		};
/* End PBXNativeTarget section */

/* Begin PBXProject section */
		561116C62EC572E300A27E46 /* Project object */ = {
			isa = PBXProject;
			attributes = {
				BuildIndependentTargetsInParallel = 1;
				LastSwiftUpdateCheck = 1520;
				LastUpgradeCheck = 1520;
				TargetAttributes = {
					561116CD2EC572E300A27E46 = {
						CreatedOnToolsVersion = 15.2;
					};
					561116DE2EC572E500A27E46 = {
						CreatedOnToolsVersion = 15.2;
						TestTargetID = 561116CD2EC572E300A27E46;
					};
					561116E82EC572E500A27E46 = {
						CreatedOnToolsVersion = 15.2;
						TestTargetID = 561116CD2EC572E300A27E46;
					};
				};
			};
			buildConfigurationList = 561116C92EC572E300A27E46 /* Build configuration list for PBXProject "lab-code-reader" */;
			compatibilityVersion = "Xcode 14.0";
			developmentRegion = en;
			hasScannedForEncodings = 0;
			knownRegions = (
				en,
				Base,
			);
			mainGroup = 561116C52EC572E300A27E46;
			productRefGroup = 561116CF2EC572E300A27E46 /* Products */;
			projectDirPath = "";
			projectRoot = "";
			targets = (
				561116CD2EC572E300A27E46 /* lab-code-reader */,
				561116DE2EC572E500A27E46 /* lab-code-readerTests */,
				561116E82EC572E500A27E46 /* lab-code-readerUITests */,
			);
		};
/* End PBXProject section */

/* Begin PBXResourcesBuildPhase section */
		561116CC2EC572E300A27E46 /* Resources */ = {
			isa = PBXResourcesBuildPhase;
			buildActionMask = 2147483647;
			files = (
				561116DA2EC572E500A27E46 /* Preview Assets.xcassets in Resources */,
				561116D62EC572E500A27E46 /* Assets.xcassets in Resources */,
			);
			runOnlyForDeploymentPostprocessing = 0;
		};
		561116DD2EC572E500A27E46 /* Resources */ = {
			isa = PBXResourcesBuildPhase;
			buildActionMask = 2147483647;
			files = (
			);
			runOnlyForDeploymentPostprocessing = 0;
		};
		561116E72EC572E500A27E46 /* Resources */ = {
			isa = PBXResourcesBuildPhase;
			buildActionMask = 2147483647;
			files = (
			);
			runOnlyForDeploymentPostprocessing = 0;
		};
/* End PBXResourcesBuildPhase section */

/* Begin PBXSourcesBuildPhase section */
		561116CA2EC572E300A27E46 /* Sources */ = {
			isa = PBXSourcesBuildPhase;
			buildActionMask = 2147483647;
			files = (
				561116D42EC572E300A27E46 /* ContentView.swift in Sources */,
				561116D22EC572E300A27E46 /* lab_code_readerApp.swift in Sources */,
			);
			runOnlyForDeploymentPostprocessing = 0;
		};
		561116DB2EC572E500A27E46 /* Sources */ = {
			isa = PBXSourcesBuildPhase;
			buildActionMask = 2147483647;
			files = (
				561116E42EC572E500A27E46 /* lab_code_readerTests.swift in Sources */,
			);
			runOnlyForDeploymentPostprocessing = 0;
		};
		561116E52EC572E500A27E46 /* Sources */ = {
			isa = PBXSourcesBuildPhase;
			buildActionMask = 2147483647;
			files = (
				561116F02EC572E500A27E46 /* lab_code_readerUITestsLaunchTests.swift in Sources */,
				561116EE2EC572E500A27E46 /* lab_code_readerUITests.swift in Sources */,
			);
			runOnlyForDeploymentPostprocessing = 0;
		};
/* End PBXSourcesBuildPhase section */

/* Begin PBXTargetDependency section */
		561116E12EC572E500A27E46 /* PBXTargetDependency */ = {
			isa = PBXTargetDependency;
			target = 561116CD2EC572E300A27E46 /* lab-code-reader */;
			targetProxy = 561116E02EC572E500A27E46 /* PBXContainerItemProxy */;
		};
		561116EB2EC572E500A27E46 /* PBXTargetDependency */ = {
			isa = PBXTargetDependency;
			target = 561116CD2EC572E300A27E46 /* lab-code-reader */;
			targetProxy = 561116EA2EC572E500A27E46 /* PBXContainerItemProxy */;
		};
/* End PBXTargetDependency section */

/* Begin XCBuildConfiguration section */
		561116F12EC572E500A27E46 /* Debug */ = {
			isa = XCBuildConfiguration;
			buildSettings = {
				ALWAYS_SEARCH_USER_PATHS = NO;
				ASSETCATALOG_COMPILER_GENERATE_SWIFT_ASSET_SYMBOL_EXTENSIONS = YES;
				CLANG_ANALYZER_NONNULL = YES;
				CLANG_ANALYZER_NUMBER_OBJECT_CONVERSION = YES_AGGRESSIVE;
				CLANG_CXX_LANGUAGE_STANDARD = "gnu++20";
				CLANG_ENABLE_MODULES = YES;
				CLANG_ENABLE_OBJC_ARC = YES;
				CLANG_ENABLE_OBJC_WEAK = YES;
				CLANG_WARN_BLOCK_CAPTURE_AUTORELEASING = YES;
				CLANG_WARN_BOOL_CONVERSION = YES;
				CLANG_WARN_COMMA = YES;
				CLANG_WARN_CONSTANT_CONVERSION = YES;
				CLANG_WARN_DEPRECATED_OBJC_IMPLEMENTATIONS = YES;
				CLANG_WARN_DIRECT_OBJC_ISA_USAGE = YES_ERROR;
				CLANG_WARN_DOCUMENTATION_COMMENTS = YES;
				CLANG_WARN_EMPTY_BODY = YES;
				CLANG_WARN_ENUM_CONVERSION = YES;
				CLANG_WARN_INFINITE_RECURSION = YES;
				CLANG_WARN_INT_CONVERSION = YES;
				CLANG_WARN_NON_LITERAL_NULL_CONVERSION = YES;
				CLANG_WARN_OBJC_IMPLICIT_RETAIN_SELF = YES;
				CLANG_WARN_OBJC_LITERAL_CONVERSION = YES;
				CLANG_WARN_OBJC_ROOT_CLASS = YES_ERROR;
				CLANG_WARN_QUOTED_INCLUDE_IN_FRAMEWORK_HEADER = YES;
				CLANG_WARN_RANGE_LOOP_ANALYSIS = YES;
				CLANG_WARN_STRICT_PROTOTYPES = YES;
				CLANG_WARN_SUSPICIOUS_MOVE = YES;
				CLANG_WARN_UNGUARDED_AVAILABILITY = YES_AGGRESSIVE;
				CLANG_WARN_UNREACHABLE_CODE = YES;
				CLANG_WARN__DUPLICATE_METHOD_MATCH = YES;
				COPY_PHASE_STRIP = NO;
				DEBUG_INFORMATION_FORMAT = dwarf;
				ENABLE_STRICT_OBJC_MSGSEND = YES;
				ENABLE_TESTABILITY = YES;
				ENABLE_USER_SCRIPT_SANDBOXING = YES;
				GCC_C_LANGUAGE_STANDARD = gnu17;
				GCC_DYNAMIC_NO_PIC = NO;
				GCC_NO_COMMON_BLOCKS = YES;
				GCC_OPTIMIZATION_LEVEL = 0;
				GCC_PREPROCESSOR_DEFINITIONS = (
					"DEBUG=1",
					"$(inherited)",
				);
				GCC_WARN_64_TO_32_BIT_CONVERSION = YES;
				GCC_WARN_ABOUT_RETURN_TYPE = YES_ERROR;
				GCC_WARN_UNDECLARED_SELECTOR = YES;
				GCC_WARN_UNINITIALIZED_AUTOS = YES_AGGRESSIVE;
				GCC_WARN_UNUSED_FUNCTION = YES;
				GCC_WARN_UNUSED_VARIABLE = YES;
				LOCALIZATION_PREFERS_STRING_CATALOGS = YES;
				MTL_ENABLE_DEBUG_INFO = INCLUDE_SOURCE;
				MTL_FAST_MATH = YES;
				ONLY_ACTIVE_ARCH = YES;
				SWIFT_ACTIVE_COMPILATION_CONDITIONS = "DEBUG $(inherited)";
				SWIFT_OPTIMIZATION_LEVEL = "-Onone";
			};
			name = Debug;
		};
		561116F22EC572E500A27E46 /* Release */ = {
			isa = XCBuildConfiguration;
			buildSettings = {
				ALWAYS_SEARCH_USER_PATHS = NO;
				ASSETCATALOG_COMPILER_GENERATE_SWIFT_ASSET_SYMBOL_EXTENSIONS = YES;
				CLANG_ANALYZER_NONNULL = YES;
				CLANG_ANALYZER_NUMBER_OBJECT_CONVERSION = YES_AGGRESSIVE;
				CLANG_CXX_LANGUAGE_STANDARD = "gnu++20";
				CLANG_ENABLE_MODULES = YES;
				CLANG_ENABLE_OBJC_ARC = YES;
				CLANG_ENABLE_OBJC_WEAK = YES;
				CLANG_WARN_BLOCK_CAPTURE_AUTORELEASING = YES;
				CLANG_WARN_BOOL_CONVERSION = YES;
				CLANG_WARN_COMMA = YES;
				CLANG_WARN_CONSTANT_CONVERSION = YES;
				CLANG_WARN_DEPRECATED_OBJC_IMPLEMENTATIONS = YES;
				CLANG_WARN_DIRECT_OBJC_ISA_USAGE = YES_ERROR;
				CLANG_WARN_DOCUMENTATION_COMMENTS = YES;
				CLANG_WARN_EMPTY_BODY = YES;
				CLANG_WARN_ENUM_CONVERSION = YES;
				CLANG_WARN_INFINITE_RECURSION = YES;
				CLANG_WARN_INT_CONVERSION = YES;
				CLANG_WARN_NON_LITERAL_NULL_CONVERSION = YES;
				CLANG_WARN_OBJC_IMPLICIT_RETAIN_SELF = YES;
				CLANG_WARN_OBJC_LITERAL_CONVERSION = YES;
				CLANG_WARN_OBJC_ROOT_CLASS = YES_ERROR;
				CLANG_WARN_QUOTED_INCLUDE_IN_FRAMEWORK_HEADER = YES;
				CLANG_WARN_RANGE_LOOP_ANALYSIS = YES;
				CLANG_WARN_STRICT_PROTOTYPES = YES;
				CLANG_WARN_SUSPICIOUS_MOVE = YES;
				CLANG_WARN_UNGUARDED_AVAILABILITY = YES_AGGRESSIVE;
				CLANG_WARN_UNREACHABLE_CODE = YES;
				CLANG_WARN__DUPLICATE_METHOD_MATCH = YES;
				COPY_PHASE_STRIP = NO;
				DEBUG_INFORMATION_FORMAT = "dwarf-with-dsym";
				ENABLE_NS_ASSERTIONS = NO;
				ENABLE_STRICT_OBJC_MSGSEND = YES;
				ENABLE_USER_SCRIPT_SANDBOXING = YES;
				GCC_C_LANGUAGE_STANDARD = gnu17;
				GCC_NO_COMMON_BLOCKS = YES;
				GCC_WARN_64_TO_32_BIT_CONVERSION = YES;
				GCC_WARN_ABOUT_RETURN_TYPE = YES_ERROR;
				GCC_WARN_UNDECLARED_SELECTOR = YES;
				GCC_WARN_UNINITIALIZED_AUTOS = YES_AGGRESSIVE;
				GCC_WARN_UNUSED_FUNCTION = YES;
				GCC_WARN_UNUSED_VARIABLE = YES;
				LOCALIZATION_PREFERS_STRING_CATALOGS = YES;
				MTL_ENABLE_DEBUG_INFO = NO;
				MTL_FAST_MATH = YES;
				SWIFT_COMPILATION_MODE = wholemodule;
			};
			name = Release;
		};
		561116F42EC572E500A27E46 /* Debug */ = {
			isa = XCBuildConfiguration;
			buildSettings = {
				ASSETCATALOG_COMPILER_APPICON_NAME = AppIcon;
				ASSETCATALOG_COMPILER_GLOBAL_ACCENT_COLOR_NAME = AccentColor;
				CODE_SIGN_ENTITLEMENTS = "lab-code-reader/lab_code_reader.entitlements";
				CODE_SIGN_STYLE = Automatic;
				CURRENT_PROJECT_VERSION = 1;
				DEVELOPMENT_ASSET_PATHS = "\"lab-code-reader/Preview Content\"";
				ENABLE_PREVIEWS = YES;
				GENERATE_INFOPLIST_FILE = YES;
				"INFOPLIST_KEY_UIApplicationSceneManifest_Generation[sdk=iphoneos*]" = YES;
				"INFOPLIST_KEY_UIApplicationSceneManifest_Generation[sdk=iphonesimulator*]" = YES;
				"INFOPLIST_KEY_UIApplicationSupportsIndirectInputEvents[sdk=iphoneos*]" = YES;
				"INFOPLIST_KEY_UIApplicationSupportsIndirectInputEvents[sdk=iphonesimulator*]" = YES;
				"INFOPLIST_KEY_UILaunchScreen_Generation[sdk=iphoneos*]" = YES;
				"INFOPLIST_KEY_UILaunchScreen_Generation[sdk=iphonesimulator*]" = YES;
				"INFOPLIST_KEY_UIStatusBarStyle[sdk=iphoneos*]" = UIStatusBarStyleDefault;
				"INFOPLIST_KEY_UIStatusBarStyle[sdk=iphonesimulator*]" = UIStatusBarStyleDefault;
				INFOPLIST_KEY_UISupportedInterfaceOrientations_iPad = "UIInterfaceOrientationPortrait UIInterfaceOrientationPortraitUpsideDown UIInterfaceOrientationLandscapeLeft UIInterfaceOrientationLandscapeRight";
				INFOPLIST_KEY_UISupportedInterfaceOrientations_iPhone = "UIInterfaceOrientationPortrait UIInterfaceOrientationLandscapeLeft UIInterfaceOrientationLandscapeRight";
				IPHONEOS_DEPLOYMENT_TARGET = 17.2;
				LD_RUNPATH_SEARCH_PATHS = "@executable_path/Frameworks";
				"LD_RUNPATH_SEARCH_PATHS[sdk=macosx*]" = "@executable_path/../Frameworks";
				MACOSX_DEPLOYMENT_TARGET = 13.5;
				MARKETING_VERSION = 1.0;
				PRODUCT_BUNDLE_IDENTIFIER = "cel.lab-code-reader";
				PRODUCT_NAME = "$(TARGET_NAME)";
				SDKROOT = auto;
				SUPPORTED_PLATFORMS = "iphoneos iphonesimulator macosx";
				SWIFT_EMIT_LOC_STRINGS = YES;
				SWIFT_VERSION = 5.0;
				TARGETED_DEVICE_FAMILY = "1,2";
			};
			name = Debug;
		};
		561116F52EC572E500A27E46 /* Release */ = {
			isa = XCBuildConfiguration;
			buildSettings = {
				ASSETCATALOG_COMPILER_APPICON_NAME = AppIcon;
				ASSETCATALOG_COMPILER_GLOBAL_ACCENT_COLOR_NAME = AccentColor;
				CODE_SIGN_ENTITLEMENTS = "lab-code-reader/lab_code_reader.entitlements";
				CODE_SIGN_STYLE = Automatic;
				CURRENT_PROJECT_VERSION = 1;
				DEVELOPMENT_ASSET_PATHS = "\"lab-code-reader/Preview Content\"";
				ENABLE_PREVIEWS = YES;
				GENERATE_INFOPLIST_FILE = YES;
				"INFOPLIST_KEY_UIApplicationSceneManifest_Generation[sdk=iphoneos*]" = YES;
				"INFOPLIST_KEY_UIApplicationSceneManifest_Generation[sdk=iphonesimulator*]" = YES;
				"INFOPLIST_KEY_UIApplicationSupportsIndirectInputEvents[sdk=iphoneos*]" = YES;
				"INFOPLIST_KEY_UIApplicationSupportsIndirectInputEvents[sdk=iphonesimulator*]" = YES;
				"INFOPLIST_KEY_UILaunchScreen_Generation[sdk=iphoneos*]" = YES;
				"INFOPLIST_KEY_UILaunchScreen_Generation[sdk=iphonesimulator*]" = YES;
				"INFOPLIST_KEY_UIStatusBarStyle[sdk=iphoneos*]" = UIStatusBarStyleDefault;
				"INFOPLIST_KEY_UIStatusBarStyle[sdk=iphonesimulator*]" = UIStatusBarStyleDefault;
				INFOPLIST_KEY_UISupportedInterfaceOrientations_iPad = "UIInterfaceOrientationPortrait UIInterfaceOrientationPortraitUpsideDown UIInterfaceOrientationLandscapeLeft UIInterfaceOrientationLandscapeRight";
				INFOPLIST_KEY_UISupportedInterfaceOrientations_iPhone = "UIInterfaceOrientationPortrait UIInterfaceOrientationLandscapeLeft UIInterfaceOrientationLandscapeRight";
				IPHONEOS_DEPLOYMENT_TARGET = 17.2;
				LD_RUNPATH_SEARCH_PATHS = "@executable_path/Frameworks";
				"LD_RUNPATH_SEARCH_PATHS[sdk=macosx*]" = "@executable_path/../Frameworks";
				MACOSX_DEPLOYMENT_TARGET = 13.5;
				MARKETING_VERSION = 1.0;
				PRODUCT_BUNDLE_IDENTIFIER = "cel.lab-code-reader";
				PRODUCT_NAME = "$(TARGET_NAME)";
				SDKROOT = auto;
				SUPPORTED_PLATFORMS = "iphoneos iphonesimulator macosx";
				SWIFT_EMIT_LOC_STRINGS = YES;
				SWIFT_VERSION = 5.0;
				TARGETED_DEVICE_FAMILY = "1,2";
			};
			name = Release;
		};
		561116F72EC572E500A27E46 /* Debug */ = {
			isa = XCBuildConfiguration;
			buildSettings = {
				ALWAYS_EMBED_SWIFT_STANDARD_LIBRARIES = YES;
				BUNDLE_LOADER = "$(TEST_HOST)";
				CODE_SIGN_STYLE = Automatic;
				CURRENT_PROJECT_VERSION = 1;
				GENERATE_INFOPLIST_FILE = YES;
				IPHONEOS_DEPLOYMENT_TARGET = 17.2;
				MACOSX_DEPLOYMENT_TARGET = 13.5;
				MARKETING_VERSION = 1.0;
				PRODUCT_BUNDLE_IDENTIFIER = "cel.lab-code-readerTests";
				PRODUCT_NAME = "$(TARGET_NAME)";
				SDKROOT = auto;
				SUPPORTED_PLATFORMS = "iphoneos iphonesimulator macosx";
				SWIFT_EMIT_LOC_STRINGS = NO;
				SWIFT_VERSION = 5.0;
				TARGETED_DEVICE_FAMILY = "1,2";
				TEST_HOST = "$(BUILT_PRODUCTS_DIR)/lab-code-reader.app/$(BUNDLE_EXECUTABLE_FOLDER_PATH)/lab-code-reader";
			};
			name = Debug;
		};
		561116F82EC572E500A27E46 /* Release */ = {
			isa = XCBuildConfiguration;
			buildSettings = {
				ALWAYS_EMBED_SWIFT_STANDARD_LIBRARIES = YES;
				BUNDLE_LOADER = "$(TEST_HOST)";
				CODE_SIGN_STYLE = Automatic;
				CURRENT_PROJECT_VERSION = 1;
				GENERATE_INFOPLIST_FILE = YES;
				IPHONEOS_DEPLOYMENT_TARGET = 17.2;
				MACOSX_DEPLOYMENT_TARGET = 13.5;
				MARKETING_VERSION = 1.0;
				PRODUCT_BUNDLE_IDENTIFIER = "cel.lab-code-readerTests";
				PRODUCT_NAME = "$(TARGET_NAME)";
				SDKROOT = auto;
				SUPPORTED_PLATFORMS = "iphoneos iphonesimulator macosx";
				SWIFT_EMIT_LOC_STRINGS = NO;
				SWIFT_VERSION = 5.0;
				TARGETED_DEVICE_FAMILY = "1,2";
				TEST_HOST = "$(BUILT_PRODUCTS_DIR)/lab-code-reader.app/$(BUNDLE_EXECUTABLE_FOLDER_PATH)/lab-code-reader";
			};
			name = Release;
		};
		561116FA2EC572E500A27E46 /* Debug */ = {
			isa = XCBuildConfiguration;
			buildSettings = {
				ALWAYS_EMBED_SWIFT_STANDARD_LIBRARIES = YES;
				CODE_SIGN_STYLE = Automatic;
				CURRENT_PROJECT_VERSION = 1;
				GENERATE_INFOPLIST_FILE = YES;
				IPHONEOS_DEPLOYMENT_TARGET = 17.2;
				MACOSX_DEPLOYMENT_TARGET = 13.5;
				MARKETING_VERSION = 1.0;
				PRODUCT_BUNDLE_IDENTIFIER = "cel.lab-code-readerUITests";
				PRODUCT_NAME = "$(TARGET_NAME)";
				SDKROOT = auto;
				SUPPORTED_PLATFORMS = "iphoneos iphonesimulator macosx";
				SWIFT_EMIT_LOC_STRINGS = NO;
				SWIFT_VERSION = 5.0;
				TARGETED_DEVICE_FAMILY = "1,2";
				TEST_TARGET_NAME = "lab-code-reader";
			};
			name = Debug;
		};
		561116FB2EC572E500A27E46 /* Release */ = {
			isa = XCBuildConfiguration;
			buildSettings = {
				ALWAYS_EMBED_SWIFT_STANDARD_LIBRARIES = YES;
				CODE_SIGN_STYLE = Automatic;
				CURRENT_PROJECT_VERSION = 1;
				GENERATE_INFOPLIST_FILE = YES;
				IPHONEOS_DEPLOYMENT_TARGET = 17.2;
				MACOSX_DEPLOYMENT_TARGET = 13.5;
				MARKETING_VERSION = 1.0;
				PRODUCT_BUNDLE_IDENTIFIER = "cel.lab-code-readerUITests";
				PRODUCT_NAME = "$(TARGET_NAME)";
				SDKROOT = auto;
				SUPPORTED_PLATFORMS = "iphoneos iphonesimulator macosx";
				SWIFT_EMIT_LOC_STRINGS = NO;
				SWIFT_VERSION = 5.0;
				TARGETED_DEVICE_FAMILY = "1,2";
				TEST_TARGET_NAME = "lab-code-reader";
			};
			name = Release;
		};
/* End XCBuildConfiguration section */

/* Begin XCConfigurationList section */
		561116C92EC572E300A27E46 /* Build configuration list for PBXProject "lab-code-reader" */ = {
			isa = XCConfigurationList;
			buildConfigurations = (
				561116F12EC572E500A27E46 /* Debug */,
				561116F22EC572E500A27E46 /* Release */,
			);
			defaultConfigurationIsVisible = 0;
			defaultConfigurationName = Release;
		};
		561116F32EC572E500A27E46 /* Build configuration list for PBXNativeTarget "lab-code-reader" */ = {
			isa = XCConfigurationList;
			buildConfigurations = (
				561116F42EC572E500A27E46 /* Debug */,
				561116F52EC572E500A27E46 /* Release */,
			);
			defaultConfigurationIsVisible = 0;
			defaultConfigurationName = Release;
		};
		561116F62EC572E500A27E46 /* Build configuration list for PBXNativeTarget "lab-code-readerTests" */ = {
			isa = XCConfigurationList;
			buildConfigurations = (
				561116F72EC572E500A27E46 /* Debug */,
				561116F82EC572E500A27E46 /* Release */,
			);
			defaultConfigurationIsVisible = 0;
			defaultConfigurationName = Release;
		};
		561116F92EC572E500A27E46 /* Build configuration list for PBXNativeTarget "lab-code-readerUITests" */ = {
			isa = XCConfigurationList;
			buildConfigurations = (
				561116FA2EC572E500A27E46 /* Debug */,
				561116FB2EC572E500A27E46 /* Release */,
			);
			defaultConfigurationIsVisible = 0;
			defaultConfigurationName = Release;
		};
/* End XCConfigurationList section */
	};
	rootObject = 561116C62EC572E300A27E46 /* Project object */;
}
